// !$*UTF8*$!
{
	archiveVersion = 1;
	classes = {
	};
	objectVersion = 56;
	objects = {

/* Begin PBXBuildFile section */
		1270BF8729451C3B00F4E140 /* AppDelegate.swift in Sources */ = {isa = PBXBuildFile; fileRef = 1270BF8629451C3B00F4E140 /* AppDelegate.swift */; };
		1270BF8929451C3B00F4E140 /* SceneDelegate.swift in Sources */ = {isa = PBXBuildFile; fileRef = 1270BF8829451C3B00F4E140 /* SceneDelegate.swift */; };
		1270BF8B29451C3B00F4E140 /* ThumbsticksViewController.swift in Sources */ = {isa = PBXBuildFile; fileRef = 1270BF8A29451C3B00F4E140 /* ThumbsticksViewController.swift */; };
		1270BF8E29451C3B00F4E140 /* Main.storyboard in Resources */ = {isa = PBXBuildFile; fileRef = 1270BF8C29451C3B00F4E140 /* Main.storyboard */; };
		1270BF9029451C3C00F4E140 /* Assets.xcassets in Resources */ = {isa = PBXBuildFile; fileRef = 1270BF8F29451C3C00F4E140 /* Assets.xcassets */; };
		1270BF9329451C3C00F4E140 /* LaunchScreen.storyboard in Resources */ = {isa = PBXBuildFile; fileRef = 1270BF9129451C3C00F4E140 /* LaunchScreen.storyboard */; };
		1270BF9E29451C3C00F4E140 /* Controller_DeadzoneTests.swift in Sources */ = {isa = PBXBuildFile; fileRef = 1270BF9D29451C3C00F4E140 /* Controller_DeadzoneTests.swift */; };
		1270BFA829451C3C00F4E140 /* Controller_DeadzoneUITests.swift in Sources */ = {isa = PBXBuildFile; fileRef = 1270BFA729451C3C00F4E140 /* Controller_DeadzoneUITests.swift */; };
		1270BFAA29451C3C00F4E140 /* Controller_DeadzoneUITestsLaunchTests.swift in Sources */ = {isa = PBXBuildFile; fileRef = 1270BFA929451C3C00F4E140 /* Controller_DeadzoneUITestsLaunchTests.swift */; };
		12A167522950C6AD00F350F2 /* ControllerManager.swift in Sources */ = {isa = PBXBuildFile; fileRef = 12A167512950C6AD00F350F2 /* ControllerManager.swift */; };
		12A167542950C71A00F350F2 /* ControllerManagerTests.swift in Sources */ = {isa = PBXBuildFile; fileRef = 12A167532950C71A00F350F2 /* ControllerManagerTests.swift */; };
		12BA130F29465D58009E12AD /* NotificationCenterProtocol.swift in Sources */ = {isa = PBXBuildFile; fileRef = 12BA130E29465D58009E12AD /* NotificationCenterProtocol.swift */; };
		12BA131129465D75009E12AD /* NoiticationCenter+Ext.swift in Sources */ = {isa = PBXBuildFile; fileRef = 12BA131029465D75009E12AD /* NoiticationCenter+Ext.swift */; };
		12D20B7E2947331A00C7A98A /* CustomizationViewController.swift in Sources */ = {isa = PBXBuildFile; fileRef = 12D20B7D2947331A00C7A98A /* CustomizationViewController.swift */; };
/* End PBXBuildFile section */

/* Begin PBXContainerItemProxy section */
		1270BF9A29451C3C00F4E140 /* PBXContainerItemProxy */ = {
			isa = PBXContainerItemProxy;
			containerPortal = 1270BF7B29451C3B00F4E140 /* Project object */;
			proxyType = 1;
			remoteGlobalIDString = 1270BF8229451C3B00F4E140;
			remoteInfo = "Controller Deadzone";
		};
		1270BFA429451C3C00F4E140 /* PBXContainerItemProxy */ = {
			isa = PBXContainerItemProxy;
			containerPortal = 1270BF7B29451C3B00F4E140 /* Project object */;
			proxyType = 1;
			remoteGlobalIDString = 1270BF8229451C3B00F4E140;
			remoteInfo = "Controller Deadzone";
		};
/* End PBXContainerItemProxy section */

/* Begin PBXFileReference section */
		1270BF8329451C3B00F4E140 /* Controller Deadzone.app */ = {isa = PBXFileReference; explicitFileType = wrapper.application; includeInIndex = 0; path = "Controller Deadzone.app"; sourceTree = BUILT_PRODUCTS_DIR; };
		1270BF8629451C3B00F4E140 /* AppDelegate.swift */ = {isa = PBXFileReference; lastKnownFileType = sourcecode.swift; path = AppDelegate.swift; sourceTree = "<group>"; };
		1270BF8829451C3B00F4E140 /* SceneDelegate.swift */ = {isa = PBXFileReference; lastKnownFileType = sourcecode.swift; path = SceneDelegate.swift; sourceTree = "<group>"; };
		1270BF8A29451C3B00F4E140 /* ThumbsticksViewController.swift */ = {isa = PBXFileReference; lastKnownFileType = sourcecode.swift; path = ThumbsticksViewController.swift; sourceTree = "<group>"; };
		1270BF8D29451C3B00F4E140 /* Base */ = {isa = PBXFileReference; lastKnownFileType = file.storyboard; name = Base; path = Base.lproj/Main.storyboard; sourceTree = "<group>"; };
		1270BF8F29451C3C00F4E140 /* Assets.xcassets */ = {isa = PBXFileReference; lastKnownFileType = folder.assetcatalog; path = Assets.xcassets; sourceTree = "<group>"; };
		1270BF9229451C3C00F4E140 /* Base */ = {isa = PBXFileReference; lastKnownFileType = file.storyboard; name = Base; path = Base.lproj/LaunchScreen.storyboard; sourceTree = "<group>"; };
		1270BF9429451C3C00F4E140 /* Info.plist */ = {isa = PBXFileReference; lastKnownFileType = text.plist.xml; path = Info.plist; sourceTree = "<group>"; };
		1270BF9929451C3C00F4E140 /* Controller DeadzoneTests.xctest */ = {isa = PBXFileReference; explicitFileType = wrapper.cfbundle; includeInIndex = 0; path = "Controller DeadzoneTests.xctest"; sourceTree = BUILT_PRODUCTS_DIR; };
		1270BF9D29451C3C00F4E140 /* Controller_DeadzoneTests.swift */ = {isa = PBXFileReference; lastKnownFileType = sourcecode.swift; path = Controller_DeadzoneTests.swift; sourceTree = "<group>"; };
		1270BFA329451C3C00F4E140 /* Controller DeadzoneUITests.xctest */ = {isa = PBXFileReference; explicitFileType = wrapper.cfbundle; includeInIndex = 0; path = "Controller DeadzoneUITests.xctest"; sourceTree = BUILT_PRODUCTS_DIR; };
		1270BFA729451C3C00F4E140 /* Controller_DeadzoneUITests.swift */ = {isa = PBXFileReference; lastKnownFileType = sourcecode.swift; path = Controller_DeadzoneUITests.swift; sourceTree = "<group>"; };
		1270BFA929451C3C00F4E140 /* Controller_DeadzoneUITestsLaunchTests.swift */ = {isa = PBXFileReference; lastKnownFileType = sourcecode.swift; path = Controller_DeadzoneUITestsLaunchTests.swift; sourceTree = "<group>"; };
		12A167512950C6AD00F350F2 /* ControllerManager.swift */ = {isa = PBXFileReference; lastKnownFileType = sourcecode.swift; path = ControllerManager.swift; sourceTree = "<group>"; };
		12A167532950C71A00F350F2 /* ControllerManagerTests.swift */ = {isa = PBXFileReference; lastKnownFileType = sourcecode.swift; path = ControllerManagerTests.swift; sourceTree = "<group>"; };
		12BA130E29465D58009E12AD /* NotificationCenterProtocol.swift */ = {isa = PBXFileReference; lastKnownFileType = sourcecode.swift; path = NotificationCenterProtocol.swift; sourceTree = "<group>"; };
		12BA131029465D75009E12AD /* NoiticationCenter+Ext.swift */ = {isa = PBXFileReference; lastKnownFileType = sourcecode.swift; path = "NoiticationCenter+Ext.swift"; sourceTree = "<group>"; };
		12D20B7D2947331A00C7A98A /* CustomizationViewController.swift */ = {isa = PBXFileReference; lastKnownFileType = sourcecode.swift; path = CustomizationViewController.swift; sourceTree = "<group>"; };
/* End PBXFileReference section */

/* Begin PBXFrameworksBuildPhase section */
		1270BF8029451C3B00F4E140 /* Frameworks */ = {
			isa = PBXFrameworksBuildPhase;
			buildActionMask = 2147483647;
			files = (
			);
			runOnlyForDeploymentPostprocessing = 0;
		};
		1270BF9629451C3C00F4E140 /* Frameworks */ = {
			isa = PBXFrameworksBuildPhase;
			buildActionMask = 2147483647;
			files = (
			);
			runOnlyForDeploymentPostprocessing = 0;
		};
		1270BFA029451C3C00F4E140 /* Frameworks */ = {
			isa = PBXFrameworksBuildPhase;
			buildActionMask = 2147483647;
			files = (
			);
			runOnlyForDeploymentPostprocessing = 0;
		};
/* End PBXFrameworksBuildPhase section */

/* Begin PBXGroup section */
		1270BF7A29451C3B00F4E140 = {
			isa = PBXGroup;
			children = (
				1270BF8529451C3B00F4E140 /* Controller Deadzone */,
				1270BF9C29451C3C00F4E140 /* Controller DeadzoneTests */,
				1270BFA629451C3C00F4E140 /* Controller DeadzoneUITests */,
				1270BF8429451C3B00F4E140 /* Products */,
			);
			sourceTree = "<group>";
		};
		1270BF8429451C3B00F4E140 /* Products */ = {
			isa = PBXGroup;
			children = (
				1270BF8329451C3B00F4E140 /* Controller Deadzone.app */,
				1270BF9929451C3C00F4E140 /* Controller DeadzoneTests.xctest */,
				1270BFA329451C3C00F4E140 /* Controller DeadzoneUITests.xctest */,
			);
			name = Products;
			sourceTree = "<group>";
		};
		1270BF8529451C3B00F4E140 /* Controller Deadzone */ = {
			isa = PBXGroup;
			children = (
				12D20B7B29471D8000C7A98A /* ViewControllers */,
				12D20B7A29471D6800C7A98A /* Protocols */,
				12D20B7929471D5D00C7A98A /* Extensions */,
				12D20B7C29471E5000C7A98A /* Support */,
				1270BF9429451C3C00F4E140 /* Info.plist */,
			);
			path = "Controller Deadzone";
			sourceTree = "<group>";
		};
		1270BF9C29451C3C00F4E140 /* Controller DeadzoneTests */ = {
			isa = PBXGroup;
			children = (
				1270BF9D29451C3C00F4E140 /* Controller_DeadzoneTests.swift */,
				12A167532950C71A00F350F2 /* ControllerManagerTests.swift */,
			);
			path = "Controller DeadzoneTests";
			sourceTree = "<group>";
		};
		1270BFA629451C3C00F4E140 /* Controller DeadzoneUITests */ = {
			isa = PBXGroup;
			children = (
				1270BFA729451C3C00F4E140 /* Controller_DeadzoneUITests.swift */,
				1270BFA929451C3C00F4E140 /* Controller_DeadzoneUITestsLaunchTests.swift */,
			);
			path = "Controller DeadzoneUITests";
			sourceTree = "<group>";
		};
		12D20B7929471D5D00C7A98A /* Extensions */ = {
			isa = PBXGroup;
			children = (
				12BA131029465D75009E12AD /* NoiticationCenter+Ext.swift */,
			);
			path = Extensions;
			sourceTree = "<group>";
		};
		12D20B7A29471D6800C7A98A /* Protocols */ = {
			isa = PBXGroup;
			children = (
				12BA130E29465D58009E12AD /* NotificationCenterProtocol.swift */,
			);
			path = Protocols;
			sourceTree = "<group>";
		};
		12D20B7B29471D8000C7A98A /* ViewControllers */ = {
			isa = PBXGroup;
			children = (
				1270BF9129451C3C00F4E140 /* LaunchScreen.storyboard */,
				1270BF8C29451C3B00F4E140 /* Main.storyboard */,
				12D20B7D2947331A00C7A98A /* CustomizationViewController.swift */,
				1270BF8A29451C3B00F4E140 /* ThumbsticksViewController.swift */,
				12A167512950C6AD00F350F2 /* ControllerManager.swift */,
			);
			path = ViewControllers;
			sourceTree = "<group>";
		};
		12D20B7C29471E5000C7A98A /* Support */ = {
			isa = PBXGroup;
			children = (
				1270BF8629451C3B00F4E140 /* AppDelegate.swift */,
				1270BF8829451C3B00F4E140 /* SceneDelegate.swift */,
				1270BF8F29451C3C00F4E140 /* Assets.xcassets */,
			);
			path = Support;
			sourceTree = "<group>";
		};
/* End PBXGroup section */

/* Begin PBXNativeTarget section */
		1270BF8229451C3B00F4E140 /* Controller Deadzone */ = {
			isa = PBXNativeTarget;
			buildConfigurationList = 1270BFAD29451C3C00F4E140 /* Build configuration list for PBXNativeTarget "Controller Deadzone" */;
			buildPhases = (
				1270BF7F29451C3B00F4E140 /* Sources */,
				1270BF8029451C3B00F4E140 /* Frameworks */,
				1270BF8129451C3B00F4E140 /* Resources */,
			);
			buildRules = (
			);
			dependencies = (
			);
			name = "Controller Deadzone";
			productName = "Controller Deadzone";
			productReference = 1270BF8329451C3B00F4E140 /* Controller Deadzone.app */;
			productType = "com.apple.product-type.application";
		};
		1270BF9829451C3C00F4E140 /* Controller DeadzoneTests */ = {
			isa = PBXNativeTarget;
			buildConfigurationList = 1270BFB029451C3C00F4E140 /* Build configuration list for PBXNativeTarget "Controller DeadzoneTests" */;
			buildPhases = (
				1270BF9529451C3C00F4E140 /* Sources */,
				1270BF9629451C3C00F4E140 /* Frameworks */,
				1270BF9729451C3C00F4E140 /* Resources */,
			);
			buildRules = (
			);
			dependencies = (
				1270BF9B29451C3C00F4E140 /* PBXTargetDependency */,
			);
			name = "Controller DeadzoneTests";
			productName = "Controller DeadzoneTests";
			productReference = 1270BF9929451C3C00F4E140 /* Controller DeadzoneTests.xctest */;
			productType = "com.apple.product-type.bundle.unit-test";
		};
		1270BFA229451C3C00F4E140 /* Controller DeadzoneUITests */ = {
			isa = PBXNativeTarget;
			buildConfigurationList = 1270BFB329451C3C00F4E140 /* Build configuration list for PBXNativeTarget "Controller DeadzoneUITests" */;
			buildPhases = (
				1270BF9F29451C3C00F4E140 /* Sources */,
				1270BFA029451C3C00F4E140 /* Frameworks */,
				1270BFA129451C3C00F4E140 /* Resources */,
			);
			buildRules = (
			);
			dependencies = (
				1270BFA529451C3C00F4E140 /* PBXTargetDependency */,
			);
			name = "Controller DeadzoneUITests";
			productName = "Controller DeadzoneUITests";
			productReference = 1270BFA329451C3C00F4E140 /* Controller DeadzoneUITests.xctest */;
			productType = "com.apple.product-type.bundle.ui-testing";
		};
/* End PBXNativeTarget section */

/* Begin PBXProject section */
		1270BF7B29451C3B00F4E140 /* Project object */ = {
			isa = PBXProject;
			attributes = {
				BuildIndependentTargetsInParallel = 1;
				LastSwiftUpdateCheck = 1410;
				LastUpgradeCheck = 1410;
				TargetAttributes = {
					1270BF8229451C3B00F4E140 = {
						CreatedOnToolsVersion = 14.1;
					};
					1270BF9829451C3C00F4E140 = {
						CreatedOnToolsVersion = 14.1;
						TestTargetID = 1270BF8229451C3B00F4E140;
					};
					1270BFA229451C3C00F4E140 = {
						CreatedOnToolsVersion = 14.1;
						TestTargetID = 1270BF8229451C3B00F4E140;
					};
				};
			};
			buildConfigurationList = 1270BF7E29451C3B00F4E140 /* Build configuration list for PBXProject "Controller Deadzone" */;
			compatibilityVersion = "Xcode 14.0";
			developmentRegion = en;
			hasScannedForEncodings = 0;
			knownRegions = (
				en,
				Base,
			);
			mainGroup = 1270BF7A29451C3B00F4E140;
			productRefGroup = 1270BF8429451C3B00F4E140 /* Products */;
			projectDirPath = "";
			projectRoot = "";
			targets = (
				1270BF8229451C3B00F4E140 /* Controller Deadzone */,
				1270BF9829451C3C00F4E140 /* Controller DeadzoneTests */,
				1270BFA229451C3C00F4E140 /* Controller DeadzoneUITests */,
			);
		};
/* End PBXProject section */

/* Begin PBXResourcesBuildPhase section */
		1270BF8129451C3B00F4E140 /* Resources */ = {
			isa = PBXResourcesBuildPhase;
			buildActionMask = 2147483647;
			files = (
				1270BF9329451C3C00F4E140 /* LaunchScreen.storyboard in Resources */,
				1270BF9029451C3C00F4E140 /* Assets.xcassets in Resources */,
				1270BF8E29451C3B00F4E140 /* Main.storyboard in Resources */,
			);
			runOnlyForDeploymentPostprocessing = 0;
		};
		1270BF9729451C3C00F4E140 /* Resources */ = {
			isa = PBXResourcesBuildPhase;
			buildActionMask = 2147483647;
			files = (
			);
			runOnlyForDeploymentPostprocessing = 0;
		};
		1270BFA129451C3C00F4E140 /* Resources */ = {
			isa = PBXResourcesBuildPhase;
			buildActionMask = 2147483647;
			files = (
			);
			runOnlyForDeploymentPostprocessing = 0;
		};
/* End PBXResourcesBuildPhase section */

/* Begin PBXSourcesBuildPhase section */
		1270BF7F29451C3B00F4E140 /* Sources */ = {
			isa = PBXSourcesBuildPhase;
			buildActionMask = 2147483647;
			files = (
				12A167522950C6AD00F350F2 /* ControllerManager.swift in Sources */,
				12D20B7E2947331A00C7A98A /* CustomizationViewController.swift in Sources */,
				12BA131129465D75009E12AD /* NoiticationCenter+Ext.swift in Sources */,
				1270BF8B29451C3B00F4E140 /* ThumbsticksViewController.swift in Sources */,
				1270BF8729451C3B00F4E140 /* AppDelegate.swift in Sources */,
				1270BF8929451C3B00F4E140 /* SceneDelegate.swift in Sources */,
				12BA130F29465D58009E12AD /* NotificationCenterProtocol.swift in Sources */,
			);
			runOnlyForDeploymentPostprocessing = 0;
		};
		1270BF9529451C3C00F4E140 /* Sources */ = {
			isa = PBXSourcesBuildPhase;
			buildActionMask = 2147483647;
			files = (
				1270BF9E29451C3C00F4E140 /* Controller_DeadzoneTests.swift in Sources */,
				12A167542950C71A00F350F2 /* ControllerManagerTests.swift in Sources */,
			);
			runOnlyForDeploymentPostprocessing = 0;
		};
		1270BF9F29451C3C00F4E140 /* Sources */ = {
			isa = PBXSourcesBuildPhase;
			buildActionMask = 2147483647;
			files = (
				1270BFAA29451C3C00F4E140 /* Controller_DeadzoneUITestsLaunchTests.swift in Sources */,
				1270BFA829451C3C00F4E140 /* Controller_DeadzoneUITests.swift in Sources */,
			);
			runOnlyForDeploymentPostprocessing = 0;
		};
/* End PBXSourcesBuildPhase section */

/* Begin PBXTargetDependency section */
		1270BF9B29451C3C00F4E140 /* PBXTargetDependency */ = {
			isa = PBXTargetDependency;
			target = 1270BF8229451C3B00F4E140 /* Controller Deadzone */;
			targetProxy = 1270BF9A29451C3C00F4E140 /* PBXContainerItemProxy */;
		};
		1270BFA529451C3C00F4E140 /* PBXTargetDependency */ = {
			isa = PBXTargetDependency;
			target = 1270BF8229451C3B00F4E140 /* Controller Deadzone */;
			targetProxy = 1270BFA429451C3C00F4E140 /* PBXContainerItemProxy */;
		};
/* End PBXTargetDependency section */

/* Begin PBXVariantGroup section */
		1270BF8C29451C3B00F4E140 /* Main.storyboard */ = {
			isa = PBXVariantGroup;
			children = (
				1270BF8D29451C3B00F4E140 /* Base */,
			);
			name = Main.storyboard;
			sourceTree = "<group>";
		};
		1270BF9129451C3C00F4E140 /* LaunchScreen.storyboard */ = {
			isa = PBXVariantGroup;
			children = (
				1270BF9229451C3C00F4E140 /* Base */,
			);
			name = LaunchScreen.storyboard;
			sourceTree = "<group>";
		};
/* End PBXVariantGroup section */

/* Begin XCBuildConfiguration section */
		1270BFAB29451C3C00F4E140 /* Debug */ = {
			isa = XCBuildConfiguration;
			buildSettings = {
				ALWAYS_SEARCH_USER_PATHS = NO;
				CLANG_ANALYZER_NONNULL = YES;
				CLANG_ANALYZER_NUMBER_OBJECT_CONVERSION = YES_AGGRESSIVE;
				CLANG_CXX_LANGUAGE_STANDARD = "gnu++20";
				CLANG_ENABLE_MODULES = YES;
				CLANG_ENABLE_OBJC_ARC = YES;
				CLANG_ENABLE_OBJC_WEAK = YES;
				CLANG_WARN_BLOCK_CAPTURE_AUTORELEASING = YES;
				CLANG_WARN_BOOL_CONVERSION = YES;
				CLANG_WARN_COMMA = YES;
				CLANG_WARN_CONSTANT_CONVERSION = YES;
				CLANG_WARN_DEPRECATED_OBJC_IMPLEMENTATIONS = YES;
				CLANG_WARN_DIRECT_OBJC_ISA_USAGE = YES_ERROR;
				CLANG_WARN_DOCUMENTATION_COMMENTS = YES;
				CLANG_WARN_EMPTY_BODY = YES;
				CLANG_WARN_ENUM_CONVERSION = YES;
				CLANG_WARN_INFINITE_RECURSION = YES;
				CLANG_WARN_INT_CONVERSION = YES;
				CLANG_WARN_NON_LITERAL_NULL_CONVERSION = YES;
				CLANG_WARN_OBJC_IMPLICIT_RETAIN_SELF = YES;
				CLANG_WARN_OBJC_LITERAL_CONVERSION = YES;
				CLANG_WARN_OBJC_ROOT_CLASS = YES_ERROR;
				CLANG_WARN_QUOTED_INCLUDE_IN_FRAMEWORK_HEADER = YES;
				CLANG_WARN_RANGE_LOOP_ANALYSIS = YES;
				CLANG_WARN_STRICT_PROTOTYPES = YES;
				CLANG_WARN_SUSPICIOUS_MOVE = YES;
				CLANG_WARN_UNGUARDED_AVAILABILITY = YES_AGGRESSIVE;
				CLANG_WARN_UNREACHABLE_CODE = YES;
				CLANG_WARN__DUPLICATE_METHOD_MATCH = YES;
				COPY_PHASE_STRIP = NO;
				DEBUG_INFORMATION_FORMAT = dwarf;
				ENABLE_STRICT_OBJC_MSGSEND = YES;
				ENABLE_TESTABILITY = YES;
				GCC_C_LANGUAGE_STANDARD = gnu11;
				GCC_DYNAMIC_NO_PIC = NO;
				GCC_NO_COMMON_BLOCKS = YES;
				GCC_OPTIMIZATION_LEVEL = 0;
				GCC_PREPROCESSOR_DEFINITIONS = (
					"DEBUG=1",
					"$(inherited)",
				);
				GCC_WARN_64_TO_32_BIT_CONVERSION = YES;
				GCC_WARN_ABOUT_RETURN_TYPE = YES_ERROR;
				GCC_WARN_UNDECLARED_SELECTOR = YES;
				GCC_WARN_UNINITIALIZED_AUTOS = YES_AGGRESSIVE;
				GCC_WARN_UNUSED_FUNCTION = YES;
				GCC_WARN_UNUSED_VARIABLE = YES;
				IPHONEOS_DEPLOYMENT_TARGET = 16.1;
				MTL_ENABLE_DEBUG_INFO = INCLUDE_SOURCE;
				MTL_FAST_MATH = YES;
				ONLY_ACTIVE_ARCH = YES;
				SDKROOT = iphoneos;
				SWIFT_ACTIVE_COMPILATION_CONDITIONS = DEBUG;
				SWIFT_OPTIMIZATION_LEVEL = "-Onone";
			};
			name = Debug;
		};
		1270BFAC29451C3C00F4E140 /* Release */ = {
			isa = XCBuildConfiguration;
			buildSettings = {
				ALWAYS_SEARCH_USER_PATHS = NO;
				CLANG_ANALYZER_NONNULL = YES;
				CLANG_ANALYZER_NUMBER_OBJECT_CONVERSION = YES_AGGRESSIVE;
				CLANG_CXX_LANGUAGE_STANDARD = "gnu++20";
				CLANG_ENABLE_MODULES = YES;
				CLANG_ENABLE_OBJC_ARC = YES;
				CLANG_ENABLE_OBJC_WEAK = YES;
				CLANG_WARN_BLOCK_CAPTURE_AUTORELEASING = YES;
				CLANG_WARN_BOOL_CONVERSION = YES;
				CLANG_WARN_COMMA = YES;
				CLANG_WARN_CONSTANT_CONVERSION = YES;
				CLANG_WARN_DEPRECATED_OBJC_IMPLEMENTATIONS = YES;
				CLANG_WARN_DIRECT_OBJC_ISA_USAGE = YES_ERROR;
				CLANG_WARN_DOCUMENTATION_COMMENTS = YES;
				CLANG_WARN_EMPTY_BODY = YES;
				CLANG_WARN_ENUM_CONVERSION = YES;
				CLANG_WARN_INFINITE_RECURSION = YES;
				CLANG_WARN_INT_CONVERSION = YES;
				CLANG_WARN_NON_LITERAL_NULL_CONVERSION = YES;
				CLANG_WARN_OBJC_IMPLICIT_RETAIN_SELF = YES;
				CLANG_WARN_OBJC_LITERAL_CONVERSION = YES;
				CLANG_WARN_OBJC_ROOT_CLASS = YES_ERROR;
				CLANG_WARN_QUOTED_INCLUDE_IN_FRAMEWORK_HEADER = YES;
				CLANG_WARN_RANGE_LOOP_ANALYSIS = YES;
				CLANG_WARN_STRICT_PROTOTYPES = YES;
				CLANG_WARN_SUSPICIOUS_MOVE = YES;
				CLANG_WARN_UNGUARDED_AVAILABILITY = YES_AGGRESSIVE;
				CLANG_WARN_UNREACHABLE_CODE = YES;
				CLANG_WARN__DUPLICATE_METHOD_MATCH = YES;
				COPY_PHASE_STRIP = NO;
				DEBUG_INFORMATION_FORMAT = "dwarf-with-dsym";
				ENABLE_NS_ASSERTIONS = NO;
				ENABLE_STRICT_OBJC_MSGSEND = YES;
				GCC_C_LANGUAGE_STANDARD = gnu11;
				GCC_NO_COMMON_BLOCKS = YES;
				GCC_WARN_64_TO_32_BIT_CONVERSION = YES;
				GCC_WARN_ABOUT_RETURN_TYPE = YES_ERROR;
				GCC_WARN_UNDECLARED_SELECTOR = YES;
				GCC_WARN_UNINITIALIZED_AUTOS = YES_AGGRESSIVE;
				GCC_WARN_UNUSED_FUNCTION = YES;
				GCC_WARN_UNUSED_VARIABLE = YES;
				IPHONEOS_DEPLOYMENT_TARGET = 16.1;
				MTL_ENABLE_DEBUG_INFO = NO;
				MTL_FAST_MATH = YES;
				SDKROOT = iphoneos;
				SWIFT_COMPILATION_MODE = wholemodule;
				SWIFT_OPTIMIZATION_LEVEL = "-O";
				VALIDATE_PRODUCT = YES;
			};
			name = Release;
		};
		1270BFAE29451C3C00F4E140 /* Debug */ = {
			isa = XCBuildConfiguration;
			buildSettings = {
				ASSETCATALOG_COMPILER_APPICON_NAME = AppIcon;
				ASSETCATALOG_COMPILER_GLOBAL_ACCENT_COLOR_NAME = AccentColor;
				CODE_SIGN_STYLE = Automatic;
				CURRENT_PROJECT_VERSION = 1;
				DEVELOPMENT_TEAM = RPQ3VF2JBZ;
				GENERATE_INFOPLIST_FILE = YES;
				INFOPLIST_FILE = "Controller Deadzone/Info.plist";
				INFOPLIST_KEY_UIApplicationSupportsIndirectInputEvents = YES;
				INFOPLIST_KEY_UILaunchStoryboardName = LaunchScreen;
				INFOPLIST_KEY_UIMainStoryboardFile = Main;
				INFOPLIST_KEY_UISupportedInterfaceOrientations_iPad = "UIInterfaceOrientationPortrait UIInterfaceOrientationPortraitUpsideDown UIInterfaceOrientationLandscapeLeft UIInterfaceOrientationLandscapeRight";
				INFOPLIST_KEY_UISupportedInterfaceOrientations_iPhone = "UIInterfaceOrientationPortrait UIInterfaceOrientationLandscapeLeft UIInterfaceOrientationLandscapeRight";
				IPHONEOS_DEPLOYMENT_TARGET = 13.0;
				LD_RUNPATH_SEARCH_PATHS = (
					"$(inherited)",
					"@executable_path/Frameworks",
				);
				MARKETING_VERSION = 1.0;
				PRODUCT_BUNDLE_IDENTIFIER = "com.mfsaglam.Controller-Deadzone";
				PRODUCT_NAME = "$(TARGET_NAME)";
				SWIFT_EMIT_LOC_STRINGS = YES;
				SWIFT_VERSION = 5.0;
				TARGETED_DEVICE_FAMILY = "1,2";
			};
			name = Debug;
		};
		1270BFAF29451C3C00F4E140 /* Release */ = {
			isa = XCBuildConfiguration;
			buildSettings = {
				ASSETCATALOG_COMPILER_APPICON_NAME = AppIcon;
				ASSETCATALOG_COMPILER_GLOBAL_ACCENT_COLOR_NAME = AccentColor;
				CODE_SIGN_STYLE = Automatic;
				CURRENT_PROJECT_VERSION = 1;
				DEVELOPMENT_TEAM = RPQ3VF2JBZ;
				GENERATE_INFOPLIST_FILE = YES;
				INFOPLIST_FILE = "Controller Deadzone/Info.plist";
				INFOPLIST_KEY_UIApplicationSupportsIndirectInputEvents = YES;
				INFOPLIST_KEY_UILaunchStoryboardName = LaunchScreen;
				INFOPLIST_KEY_UIMainStoryboardFile = Main;
				INFOPLIST_KEY_UISupportedInterfaceOrientations_iPad = "UIInterfaceOrientationPortrait UIInterfaceOrientationPortraitUpsideDown UIInterfaceOrientationLandscapeLeft UIInterfaceOrientationLandscapeRight";
				INFOPLIST_KEY_UISupportedInterfaceOrientations_iPhone = "UIInterfaceOrientationPortrait UIInterfaceOrientationLandscapeLeft UIInterfaceOrientationLandscapeRight";
				IPHONEOS_DEPLOYMENT_TARGET = 13.0;
				LD_RUNPATH_SEARCH_PATHS = (
					"$(inherited)",
					"@executable_path/Frameworks",
				);
				MARKETING_VERSION = 1.0;
				PRODUCT_BUNDLE_IDENTIFIER = "com.mfsaglam.Controller-Deadzone";
				PRODUCT_NAME = "$(TARGET_NAME)";
				SWIFT_EMIT_LOC_STRINGS = YES;
				SWIFT_VERSION = 5.0;
				TARGETED_DEVICE_FAMILY = "1,2";
			};
			name = Release;
		};
		1270BFB129451C3C00F4E140 /* Debug */ = {
			isa = XCBuildConfiguration;
			buildSettings = {
				ALWAYS_EMBED_SWIFT_STANDARD_LIBRARIES = YES;
				BUNDLE_LOADER = "$(TEST_HOST)";
				CODE_SIGN_STYLE = Automatic;
				CURRENT_PROJECT_VERSION = 1;
				DEVELOPMENT_TEAM = RPQ3VF2JBZ;
				GENERATE_INFOPLIST_FILE = YES;
				IPHONEOS_DEPLOYMENT_TARGET = 16.1;
				MARKETING_VERSION = 1.0;
				PRODUCT_BUNDLE_IDENTIFIER = "com.mfsaglam.Controller-DeadzoneTests";
				PRODUCT_NAME = "$(TARGET_NAME)";
				SWIFT_EMIT_LOC_STRINGS = NO;
				SWIFT_VERSION = 5.0;
				TARGETED_DEVICE_FAMILY = "1,2";
				TEST_HOST = "$(BUILT_PRODUCTS_DIR)/Controller Deadzone.app/$(BUNDLE_EXECUTABLE_FOLDER_PATH)/Controller Deadzone";
			};
			name = Debug;
		};
		1270BFB229451C3C00F4E140 /* Release */ = {
			isa = XCBuildConfiguration;
			buildSettings = {
				ALWAYS_EMBED_SWIFT_STANDARD_LIBRARIES = YES;
				BUNDLE_LOADER = "$(TEST_HOST)";
				CODE_SIGN_STYLE = Automatic;
				CURRENT_PROJECT_VERSION = 1;
				DEVELOPMENT_TEAM = RPQ3VF2JBZ;
				GENERATE_INFOPLIST_FILE = YES;
				IPHONEOS_DEPLOYMENT_TARGET = 16.1;
				MARKETING_VERSION = 1.0;
				PRODUCT_BUNDLE_IDENTIFIER = "com.mfsaglam.Controller-DeadzoneTests";
				PRODUCT_NAME = "$(TARGET_NAME)";
				SWIFT_EMIT_LOC_STRINGS = NO;
				SWIFT_VERSION = 5.0;
				TARGETED_DEVICE_FAMILY = "1,2";
				TEST_HOST = "$(BUILT_PRODUCTS_DIR)/Controller Deadzone.app/$(BUNDLE_EXECUTABLE_FOLDER_PATH)/Controller Deadzone";
			};
			name = Release;
		};
		1270BFB429451C3C00F4E140 /* Debug */ = {
			isa = XCBuildConfiguration;
			buildSettings = {
				ALWAYS_EMBED_SWIFT_STANDARD_LIBRARIES = YES;
				CODE_SIGN_STYLE = Automatic;
				CURRENT_PROJECT_VERSION = 1;
				DEVELOPMENT_TEAM = RPQ3VF2JBZ;
				GENERATE_INFOPLIST_FILE = YES;
				MARKETING_VERSION = 1.0;
				PRODUCT_BUNDLE_IDENTIFIER = "com.mfsaglam.Controller-DeadzoneUITests";
				PRODUCT_NAME = "$(TARGET_NAME)";
				SWIFT_EMIT_LOC_STRINGS = NO;
				SWIFT_VERSION = 5.0;
				TARGETED_DEVICE_FAMILY = "1,2";
				TEST_TARGET_NAME = "Controller Deadzone";
			};
			name = Debug;
		};
		1270BFB529451C3C00F4E140 /* Release */ = {
			isa = XCBuildConfiguration;
			buildSettings = {
				ALWAYS_EMBED_SWIFT_STANDARD_LIBRARIES = YES;
				CODE_SIGN_STYLE = Automatic;
				CURRENT_PROJECT_VERSION = 1;
				DEVELOPMENT_TEAM = RPQ3VF2JBZ;
				GENERATE_INFOPLIST_FILE = YES;
				MARKETING_VERSION = 1.0;
				PRODUCT_BUNDLE_IDENTIFIER = "com.mfsaglam.Controller-DeadzoneUITests";
				PRODUCT_NAME = "$(TARGET_NAME)";
				SWIFT_EMIT_LOC_STRINGS = NO;
				SWIFT_VERSION = 5.0;
				TARGETED_DEVICE_FAMILY = "1,2";
				TEST_TARGET_NAME = "Controller Deadzone";
			};
			name = Release;
		};
/* End XCBuildConfiguration section */

/* Begin XCConfigurationList section */
		1270BF7E29451C3B00F4E140 /* Build configuration list for PBXProject "Controller Deadzone" */ = {
			isa = XCConfigurationList;
			buildConfigurations = (
				1270BFAB29451C3C00F4E140 /* Debug */,
				1270BFAC29451C3C00F4E140 /* Release */,
			);
			defaultConfigurationIsVisible = 0;
			defaultConfigurationName = Release;
		};
		1270BFAD29451C3C00F4E140 /* Build configuration list for PBXNativeTarget "Controller Deadzone" */ = {
			isa = XCConfigurationList;
			buildConfigurations = (
				1270BFAE29451C3C00F4E140 /* Debug */,
				1270BFAF29451C3C00F4E140 /* Release */,
			);
			defaultConfigurationIsVisible = 0;
			defaultConfigurationName = Release;
		};
		1270BFB029451C3C00F4E140 /* Build configuration list for PBXNativeTarget "Controller DeadzoneTests" */ = {
			isa = XCConfigurationList;
			buildConfigurations = (
				1270BFB129451C3C00F4E140 /* Debug */,
				1270BFB229451C3C00F4E140 /* Release */,
			);
			defaultConfigurationIsVisible = 0;
			defaultConfigurationName = Release;
		};
		1270BFB329451C3C00F4E140 /* Build configuration list for PBXNativeTarget "Controller DeadzoneUITests" */ = {
			isa = XCConfigurationList;
			buildConfigurations = (
				1270BFB429451C3C00F4E140 /* Debug */,
				1270BFB529451C3C00F4E140 /* Release */,
			);
			defaultConfigurationIsVisible = 0;
			defaultConfigurationName = Release;
		};
/* End XCConfigurationList section */
	};
	rootObject = 1270BF7B29451C3B00F4E140 /* Project object */;
}
